
Microsoft Visual Studio Solution File, Format Version 12.00
# Visual Studio 15
VisualStudioVersion = 15.0.27428.2015
MinimumVisualStudioVersion = 10.0.40219.1
Project("{9A19103F-16F7-4668-BE54-9A1E7A4F7556}") = "Dime.System", "core\Dime.System.csproj", "{136B1F3C-B2F4-4C93-B197-1D7E57C717CE}"
EndProject
Project("{2150E333-8FDC-42A3-9474-1A3956D46DE8}") = "Tests", "Tests", "{6DFE3F45-51C3-4C45-9C5A-30640B2BA696}"
EndProject
Project("{FAE04EC0-301F-11D3-BF4B-00C04F79EFBC}") = "Dime.System.Tests", "test\Dime.System.Tests.csproj", "{2C615123-077B-4A9D-94FF-294385127503}"
EndProject
Global
	GlobalSection(SolutionConfigurationPlatforms) = preSolution
		Debug|Any CPU = Debug|Any CPU
		Release|Any CPU = Release|Any CPU
	EndGlobalSection
	GlobalSection(ProjectConfigurationPlatforms) = postSolution
		{136B1F3C-B2F4-4C93-B197-1D7E57C717CE}.Debug|Any CPU.ActiveCfg = Debug|Any CPU
		{136B1F3C-B2F4-4C93-B197-1D7E57C717CE}.Debug|Any CPU.Build.0 = Debug|Any CPU
		{136B1F3C-B2F4-4C93-B197-1D7E57C717CE}.Release|Any CPU.ActiveCfg = Release|Any CPU
		{136B1F3C-B2F4-4C93-B197-1D7E57C717CE}.Release|Any CPU.Build.0 = Release|Any CPU
		{2C615123-077B-4A9D-94FF-294385127503}.Debug|Any CPU.ActiveCfg = Debug|Any CPU
		{2C615123-077B-4A9D-94FF-294385127503}.Debug|Any CPU.Build.0 = Debug|Any CPU
		{2C615123-077B-4A9D-94FF-294385127503}.Release|Any CPU.ActiveCfg = Release|Any CPU
		{2C615123-077B-4A9D-94FF-294385127503}.Release|Any CPU.Build.0 = Release|Any CPU
	EndGlobalSection
	GlobalSection(SolutionProperties) = preSolution
		HideSolutionNode = FALSE
	EndGlobalSection
	GlobalSection(NestedProjects) = preSolution
		{2C615123-077B-4A9D-94FF-294385127503} = {6DFE3F45-51C3-4C45-9C5A-30640B2BA696}
	EndGlobalSection
	GlobalSection(ExtensibilityGlobals) = postSolution
		SolutionGuid = {924653D0-39C4-4B08-8F4C-DDADA9CD62A3}
	EndGlobalSection
EndGlobal
